
Microsoft Visual Studio Solution File, Format Version 12.00
# Visual Studio Version 17
VisualStudioVersion = 17.5.002.0
MinimumVisualStudioVersion = 10.0.40219.1
Project("{9A19103F-16F7-4668-BE54-9A1E7A4F7556}") = "WalletAPI", "WalletAPI.csproj", "{726F3C92-547E-42F9-85EB-2B2CD9D3EBC9}"
EndProject
Global
	GlobalSection(SolutionConfigurationPlatforms) = preSolution
		Debug|Any CPU = Debug|Any CPU
		Release|Any CPU = Release|Any CPU
	EndGlobalSection
	GlobalSection(ProjectConfigurationPlatforms) = postSolution
		{726F3C92-547E-42F9-85EB-2B2CD9D3EBC9}.Debug|Any CPU.ActiveCfg = Debug|Any CPU
		{726F3C92-547E-42F9-85EB-2B2CD9D3EBC9}.Debug|Any CPU.Build.0 = Debug|Any CPU
		{726F3C92-547E-42F9-85EB-2B2CD9D3EBC9}.Release|Any CPU.ActiveCfg = Release|Any CPU
		{726F3C92-547E-42F9-85EB-2B2CD9D3EBC9}.Release|Any CPU.Build.0 = Release|Any CPU
	EndGlobalSection
	GlobalSection(SolutionProperties) = preSolution
		HideSolutionNode = FALSE
	EndGlobalSection
	GlobalSection(ExtensibilityGlobals) = postSolution
		SolutionGuid = {E3B91F12-A9BC-4642-AF6D-1F2C124B60DB}
	EndGlobalSection
EndGlobal
